
Microsoft Visual Studio Solution File, Format Version 12.00
# Visual Studio Version 17
VisualStudioVersion = 17.0.32014.148
MinimumVisualStudioVersion = 10.0.40219.1
Project("{FAE04EC0-301F-11D3-BF4B-00C04F79EFBC}") = "Task", "Task\Task.csproj", "{2F48068A-D53F-4D5C-8C1E-84CB46524FD9}"
EndProject
Global
	GlobalSection(SolutionConfigurationPlatforms) = preSolution
		Debug|Any CPU = Debug|Any CPU
		Release|Any CPU = Release|Any CPU
	EndGlobalSection
	GlobalSection(ProjectConfigurationPlatforms) = postSolution
		{2F48068A-D53F-4D5C-8C1E-84CB46524FD9}.Debug|Any CPU.ActiveCfg = Debug|Any CPU
		{2F48068A-D53F-4D5C-8C1E-84CB46524FD9}.Debug|Any CPU.Build.0 = Debug|Any CPU
		{2F48068A-D53F-4D5C-8C1E-84CB46524FD9}.Release|Any CPU.ActiveCfg = Release|Any CPU
		{2F48068A-D53F-4D5C-8C1E-84CB46524FD9}.Release|Any CPU.Build.0 = Release|Any CPU
	EndGlobalSection
	GlobalSection(SolutionProperties) = preSolution
		HideSolutionNode = FALSE
	EndGlobalSection
	GlobalSection(ExtensibilityGlobals) = postSolution
		SolutionGuid = {AAA29A68-1B91-4570-B0E4-A887468AFB8C}
	EndGlobalSection
EndGlobal
